<?xml version="1.0" encoding="utf-8"?>
<Project ToolsVersion="4.0" xmlns="http://schemas.microsoft.com/developer/msbuild/2003">
  <ItemGroup>
    <ClCompile Include="Engine\main.cpp" />
    <ClCompile Include="simple_library\simple_library\private\simple_c_log\simple_c_log.c" />
    <ClCompile Include="simple_library\simple_library\private\simple_channel\simple_io_stream\simple_io_stream.cpp" />
    <ClCompile Include="simple_library\simple_library\private\simple_channel\simple_net_channel\simple_channel.cpp" />
    <ClCompile Include="simple_library\simple_library\private\simple_channel\simple_net_connetion\simple_connetion.cpp" />
    <ClCompile Include="simple_library\simple_library\private\simple_channel\simple_net_connetion\simple_connetion_tcp.cpp" />
    <ClCompile Include="simple_library\simple_library\private\simple_channel\simple_net_connetion\simple_connetion_udp.cpp" />
    <ClCompile Include="simple_library\simple_library\private\simple_channel\simple_net_drive\simple_net_drive.cpp" />
    <ClCompile Include="simple_library\simple_library\private\simple_channel\simple_net_drive\simple_net_drive_tcp.cpp" />
    <ClCompile Include="simple_library\simple_library\private\simple_channel\simple_net_drive\simple_net_drive_udp.cpp" />
    <ClCompile Include="simple_library\simple_library\private\simple_channel\simple_net_type.cpp" />
    <ClCompile Include="simple_library\simple_library\private\simple_channel\simple_object.cpp" />
    <ClCompile Include="simple_library\simple_library\private\simple_core_minimal\simple_c_core\simple_c_array\simple_c_array_string.c" />
    <ClCompile Include="simple_library\simple_library\private\simple_core_minimal\simple_c_core\simple_c_string_algorithm\string_algorithm.c" />
    <ClCompile Include="simple_library\simple_library\private\simple_core_minimal\simple_c_guid\simple_guid.c" />
    <ClCompile Include="simple_library\simple_library\private\simple_core_minimal\simple_c_helper_file\simple_file_helper.c" />
    <ClCompile Include="simple_library\simple_library\private\simple_core_minimal\simple_c_path\simple_c_path.c" />
    <ClCompile Include="simple_library\simple_library\private\simple_core_minimal\simple_c_time\simple_c_locale_list.c" />
    <ClCompile Include="simple_library\simple_library\private\simple_core_minimal\simple_c_time\simple_c_time.c" />
    <ClCompile Include="simple_library\simple_library\private\simple_core_minimal\simple_c_windows\simple_c_windows_register.c" />
    <ClCompile Include="simple_library\simple_library\private\simple_core_minimal\simple_c_windows\simple_c_windows_setting.c" />
    <ClCompile Include="simple_library\simple_library\private\simple_image\Core\simple_image_bmp.cpp" />
    <ClCompile Include="simple_library\simple_library\private\simple_image\simple_image.cpp" />
    <ClCompile Include="simple_library\simple_library\private\simple_math\transformation\matrix\matrix_2x2.cpp" />
    <ClCompile Include="simple_library\simple_library\private\simple_math\transformation\matrix\matrix_3x3.cpp" />
    <ClCompile Include="simple_library\simple_library\private\simple_math\transformation\matrix\matrix_4x4.cpp" />
    <ClCompile Include="simple_library\simple_library\private\simple_math\transformation\primitives\triangle.cpp" />
    <ClCompile Include="simple_library\simple_library\private\simple_math\transformation\vector\vector_2d.cpp" />
    <ClCompile Include="simple_library\simple_library\private\simple_math\transformation\vector\vector_3d.cpp" />
    <ClCompile Include="simple_library\simple_library\private\simple_math\transformation\vector\vector_4d.cpp" />
    <ClCompile Include="simple_library\simple_library\private\simple_math\math_utils.cpp" />
    <ClCompile Include="simple_library\simple_library\private\simple_math\simple_math.c" />
  </ItemGroup>
  <ItemGroup>
    <ClInclude Include="simple_library\simple_library\private\simple_channel\simple_net_connetion\simple_connetion_tcp.h" />
    <ClInclude Include="simple_library\simple_library\private\simple_channel\simple_net_connetion\simple_connetion_udp.h" />
    <ClInclude Include="simple_library\simple_library\private\simple_channel\simple_net_drive\simple_net_drive_tcp.h" />
    <ClInclude Include="simple_library\simple_library\private\simple_channel\simple_net_drive\simple_net_drive_udp.h" />
    <ClInclude Include="simple_library\simple_library\public\simple_array\simple_hash_array.h" />
    <ClInclude Include="simple_library\simple_library\public\simple_c_log\simple_c_log.h" />
    <ClInclude Include="simple_library\simple_library\public\simple_channel\simple_core\simple_channel.h" />
    <ClInclude Include="simple_library\simple_library\public\simple_channel\simple_core\simple_connetion.h" />
    <ClInclude Include="simple_library\simple_library\public\simple_channel\simple_core\simple_io_stream.h" />
    <ClInclude Include="simple_library\simple_library\public\simple_channel\simple_core\simple_net_macro.h" />
    <ClInclude Include="simple_library\simple_library\public\simple_channel\simple_core\simple_object.h" />
    <ClInclude Include="simple_library\simple_library\public\simple_channel\simple_net_drive.h" />
    <ClInclude Include="simple_library\simple_library\public\simple_channel\simple_net_protocols.h" />
    <ClInclude Include="simple_library\simple_library\public\simple_channel\simple_net_type.h" />
    <ClInclude Include="simple_library\simple_library\public\simple_channel\simple_protocols_definition.h" />
    <ClInclude Include="simple_library\simple_library\public\simple_core_minimal\simple_c_core\simple_c_array\Core\simple_array_c_macro.h" />
    <ClInclude Include="simple_library\simple_library\public\simple_core_minimal\simple_c_core\simple_c_array\simple_c_array.h" />
    <ClInclude Include="simple_library\simple_library\public\simple_core_minimal\simple_c_core\simple_c_array\simple_c_array_string.h" />
    <ClInclude Include="simple_library\simple_library\public\simple_core_minimal\simple_c_core\simple_c_string_algorithm\string_algorithm.h" />
    <ClInclude Include="simple_library\simple_library\public\simple_core_minimal\simple_c_core\simple_core_minimal.h" />
    <ClInclude Include="simple_library\simple_library\public\simple_core_minimal\simple_c_guid\simple_guid.h" />
    <ClInclude Include="simple_library\simple_library\public\simple_core_minimal\simple_c_helper_file\simple_file_helper.h" />
    <ClInclude Include="simple_library\simple_library\public\simple_core_minimal\simple_c_path\simple_path.h" />
    <ClInclude Include="simple_library\simple_library\public\simple_core_minimal\simple_c_time\simple_c_locale_list.h" />
    <ClInclude Include="simple_library\simple_library\public\simple_core_minimal\simple_c_time\simple_c_time.h" />
    <ClInclude Include="simple_library\simple_library\public\simple_core_minimal\simple_c_windows\simple_c_windows_register.h" />
    <ClInclude Include="simple_library\simple_library\public\simple_core_minimal\simple_c_windows\simple_c_windows_setting.h" />
    <ClInclude Include="simple_library\simple_library\public\simple_cpp_core_minimal\shared\simple_cpp_shared_ptr.h" />
    <ClInclude Include="simple_library\simple_library\public\simple_cpp_core_minimal\shared\simple_cpp_shared_ptr_type.h" />
    <ClInclude Include="simple_library\simple_library\public\simple_cpp_core_minimal\simple_cpp_core_minimal.h" />
    <ClInclude Include="simple_library\simple_library\public\simple_delegate\simple_delegate.h" />
    <ClInclude Include="simple_library\simple_library\public\simple_image\Core\simple_image_bmp.h" />
    <ClInclude Include="simple_library\simple_library\public\simple_image\Core\simple_image_type.h" />
    <ClInclude Include="simple_library\simple_library\public\simple_image\simple_image.h" />
    <ClInclude Include="simple_library\simple_library\public\simple_math\transformation\matrix\matrix_2x2.h" />
    <ClInclude Include="simple_library\simple_library\public\simple_math\transformation\matrix\matrix_3x3.h" />
    <ClInclude Include="simple_library\simple_library\public\simple_math\transformation\matrix\matrix_4x4.h" />
    <ClInclude Include="simple_library\simple_library\public\simple_math\transformation\primitives\triangle.h" />
    <ClInclude Include="simple_library\simple_library\public\simple_math\transformation\vector\vector_2d.h" />
    <ClInclude Include="simple_library\simple_library\public\simple_math\transformation\vector\vector_3d.h" />
    <ClInclude Include="simple_library\simple_library\public\simple_math\transformation\vector\vector_4d.h" />
    <ClInclude Include="simple_library\simple_library\public\simple_math\math_libray.hpp" />
    <ClInclude Include="simple_library\simple_library\public\simple_math\math_utils.h" />
    <ClInclude Include="simple_library\simple_library\public\simple_math\simple_core_math.h" />
    <ClInclude Include="simple_library\simple_library\public\simple_math\simple_math.h" />
    <ClInclude Include="simple_library\simple_library\public\simple_library.h" />
  </ItemGroup>
</Project>